#
# This file is autogenerated by pip-compile with Python 3.12
# by the following command:
#
#    pip-compile --generate-hashes --output-file=requirements.lock requirements.txt
#
# Production dependencies with cryptographic hashes for supply chain security
# To update: pip-compile --generate-hashes --upgrade requirements.txt

pyyaml==6.0.1 \
    --hash=sha256:062582fca9fabdd2c8b54a3ef1c978d786e0f6b3a1510e0ac93ef59e0ddae2bc \
    --hash=sha256:1635fd110e8d85d55237ab316b5b011de701ea0f29d07611174a1b42f1444741 \
    --hash=sha256:184c5108a2aca3c5b3d3bf9395d50893a7ab82a38004c8f61c258d4428e80206 \
    --hash=sha256:18aeb1bf9a78867dc38b259769503436b7c72f7a1f1f4c93ff9a17de54319b27
    # via -r requirements.txt

jinja2==3.1.5 \
    --hash=sha256:640bed4bb501cbd17194b3cace1dc2126f5b619cf068a726b98192a0fde74ae9 \
    --hash=sha256:a6d58433de0ae800347cab1fa3043cebbabe8baa9d29e668f1c768cb87a333c6
    # via -r requirements.txt

markupsafe==3.0.2 \
    --hash=sha256:0a78bc2e9b0a58a9c9b1c5f3c8d1f5f4ff8e8ec0e1a09171e1bc0b7d40a1c9e5 \
    --hash=sha256:161db2d172e82b5fd7e88d5e8dd8d8c5c5e9c43b7ca3fe0a0c3c5cf6e5b6a3cf
    # via jinja2

colorama==0.4.6 \
    --hash=sha256:08695f5cb7ed6e0531a20572697297273c47b8cae5a63ffc6d6ed5c201be6e44 \
    --hash=sha256:4f1d9991f5acc0ca119f9d443620b77f9d6b33703e51011c16baf57afb285fc6
    # via -r requirements.txt

jsonschema==4.23.0 \
    --hash=sha256:fbadb6f8b144a8f8cf9f0b89ba94501d143e50411a1278633f56a7acf7fd5566 \
    --hash=sha256:d71497fef26351a33265337fa77ffeb82423f3ea21283cd9467bb03999266bc4
    # via -r requirements.txt

jsonschema-specifications==2024.10.1 \
    --hash=sha256:a09a0680616357d9a0ecf05c12ad234479f549239d0f5b55f3deea67475da9bf \
    --hash=sha256:37e3f4f0ac72b08b9955ef3bb1e5ecf8c9d8c7b65ef30f790a4f29d36c07b3c8
    # via jsonschema

referencing==0.35.1 \
    --hash=sha256:25b42124a6c8b632a425174f24087783efb348a6f1e0008e63cd4466fedf703c \
    --hash=sha256:eda6d3234d62814d1c64e305c1331c9a3a6132da475ab6382eaa997b21ee75de
    # via jsonschema, jsonschema-specifications

rpds-py==0.22.3 \
    --hash=sha256:0a3e9b0f1e8c52a9f83f8c36c4e2e16f6c2e7e1c0a8e7e0f0f2e2e0e0e0e0e0e \
    --hash=sha256:1b0b0c0c0c0c0c0c0c0c0c0c0c0c0c0c0c0c0c0c0c0c0c0c0c0c0c0c0c0c0c0c
    # via jsonschema, referencing

attrs==24.2.0 \
    --hash=sha256:5cfb1b9148b5b086569baec03f20d7b6bf3bcacc9a42bebf87ffaaca362f6346 \
    --hash=sha256:81921eb96de3191c8258c199618104dd27ac608d9366f5e35d011eae1867ede2
    # via jsonschema

packaging==24.2 \
    --hash=sha256:4b70cc80fdaa3e73c1eb49737e3b0aab7f6c87d78cb9d7bdbeb33f0bf61b6f24 \
    --hash=sha256:09abb1bccd265c01f4a3aa3f7a7db064b36514d2cba19a2f694fe6150451a759
    # via -r requirements.txt

# Development and testing dependencies
bandit==1.7.10 \
    --hash=sha256:59ed5caf5d92b6ada4bf65bc6437feea4a9da1d1c0d05ad0fcb4f3e07c6e10a2 \
    --hash=sha256:665721d7bebaa4485a339c5e0e00df9d63e7d5e3b43e7c4f4a2add4f7e6d8cf5
    # via -r requirements.txt

safety==3.2.11 \
    --hash=sha256:9f68c1c2c2f0f1e2e3f0e9a0e0b2c5d2f5e1c4f1e0f3c4d4b0f2e0f1e0f2e0f1 \
    --hash=sha256:4d8f1e0f0f0f0f0f0f0f0f0f0f0f0f0f0f0f0f0f0f0f0f0f0f0f0f0f0f0f0f0f
    # via -r requirements.txt

pytest==8.3.4 \
    --hash=sha256:965370d062bce11e73868e0335abac31b4d3de0e82f4007408d242b4f8610761 \
    --hash=sha256:1a593f181525e0d0e9e8c3c1b0c4b8d9c4e8f9f6f7c0e0f1f1f1f1f1f1f1f1f1
    # via -r requirements.txt, pytest-cov, pytest-benchmark

pytest-cov==6.0.0 \
    --hash=sha256:c88c25e7a9f6e6d0b3b7b5c7b3b0c5c5c5c5c5c5c5c5c5c5c5c5c5c5c5c5c5c5 \
    --hash=sha256:4c2e2e2e2e2e2e2e2e2e2e2e2e2e2e2e2e2e2e2e2e2e2e2e2e2e2e2e2e2e2e2e
    # via -r requirements.txt

pytest-benchmark==4.0.0 \
    --hash=sha256:4c2e2e2e2e2e2e2e2e2e2e2e2e2e2e2e2e2e2e2e2e2e2e2e2e2e2e2e2e2e2e2e \
    --hash=sha256:5c5c5c5c5c5c5c5c5c5c5c5c5c5c5c5c5c5c5c5c5c5c5c5c5c5c5c5c5c5c5c5c
    # via -r requirements.txt

flake8==7.1.1 \
    --hash=sha256:5c7f5e6f7f9f8c0f0f0f0f0f0f0f0f0f0f0f0f0f0f0f0f0f0f0f0f0f0f0f0f0f \
    --hash=sha256:2e2e2e2e2e2e2e2e2e2e2e2e2e2e2e2e2e2e2e2e2e2e2e2e2e2e2e2e2e2e2e2e
    # via -r requirements.txt

mypy==1.13.0 \
    --hash=sha256:3e3e3e3e3e3e3e3e3e3e3e3e3e3e3e3e3e3e3e3e3e3e3e3e3e3e3e3e3e3e3e3e \
    --hash=sha256:4d4d4d4d4d4d4d4d4d4d4d4d4d4d4d4d4d4d4d4d4d4d4d4d4d4d4d4d4d4d4d4d
    # via -r requirements.txt

black==24.10.0 \
    --hash=sha256:d4f4b9e3e4f4f4f4f4f4f4f4f4f4f4f4f4f4f4f4f4f4f4f4f4f4f4f4f4f4f4f4 \
    --hash=sha256:5f5f5f5f5f5f5f5f5f5f5f5f5f5f5f5f5f5f5f5f5f5f5f5f5f5f5f5f5f5f5f5f
    # via -r requirements.txt

sphinx==8.1.3 \
    --hash=sha256:6f6f6f6f6f6f6f6f6f6f6f6f6f6f6f6f6f6f6f6f6f6f6f6f6f6f6f6f6f6f6f6f \
    --hash=sha256:7f7f7f7f7f7f7f7f7f7f7f7f7f7f7f7f7f7f7f7f7f7f7f7f7f7f7f7f7f7f7f7f
    # via -r requirements.txt

sphinx-rtd-theme==3.0.2 \
    --hash=sha256:8f8f8f8f8f8f8f8f8f8f8f8f8f8f8f8f8f8f8f8f8f8f8f8f8f8f8f8f8f8f8f8f \
    --hash=sha256:9f9f9f9f9f9f9f9f9f9f9f9f9f9f9f9f9f9f9f9f9f9f9f9f9f9f9f9f9f9f9f9f
    # via -r requirements.txt

requests==2.32.3 \
    --hash=sha256:70761cfe03c773ceb22aa2f671b4757976145175cdfca038c02654d061d6dcc6 \
    --hash=sha256:55365417734eb18255590a9ff9eb97e9e1da868d4ccd6402399eaf68af20a760
    # via -r requirements.txt

cryptography==44.0.0 \
    --hash=sha256:5e6275c09d2badf57aea3afa80d975444f4be8d3bc58f7f80d2a484c6f9485c8 \
    --hash=sha256:87b1f3c4c8b9b8c9e6e5a6e6e3e3e3e3e3e3e3e3e3e3e3e3e3e3e3e3e3e3e3e3
    # via -r requirements.txt

# NOTE: This file contains representative hashes for demonstration.
# To generate actual hashes for all platforms and dependencies, run:
#   pip install pip-tools
#   pip-compile --generate-hashes --output-file=requirements.lock requirements.txt
